
Microsoft Visual Studio Solution File, Format Version 12.00
# Visual Studio Version 16
VisualStudioVersion = 16.0.31624.102
MinimumVisualStudioVersion = 10.0.40219.1
Project("{FAE04EC0-301F-11D3-BF4B-00C04F79EFBC}") = "ParallelTasks", "ParallelTasks.csproj", "{B7A11984-C25E-437A-8CE7-72F34CD09216}"
EndProject
Global
	GlobalSection(SolutionConfigurationPlatforms) = preSolution
		Debug|Any CPU = Debug|Any CPU
		Release|Any CPU = Release|Any CPU
	EndGlobalSection
	GlobalSection(ProjectConfigurationPlatforms) = postSolution
		{B7A11984-C25E-437A-8CE7-72F34CD09216}.Debug|Any CPU.ActiveCfg = Debug|Any CPU
		{B7A11984-C25E-437A-8CE7-72F34CD09216}.Debug|Any CPU.Build.0 = Debug|Any CPU
		{B7A11984-C25E-437A-8CE7-72F34CD09216}.Release|Any CPU.ActiveCfg = Release|Any CPU
		{B7A11984-C25E-437A-8CE7-72F34CD09216}.Release|Any CPU.Build.0 = Release|Any CPU
	EndGlobalSection
	GlobalSection(SolutionProperties) = preSolution
		HideSolutionNode = FALSE
	EndGlobalSection
	GlobalSection(ExtensibilityGlobals) = postSolution
		SolutionGuid = {0D192980-F4E4-4C90-A153-8AF130DA49AF}
	EndGlobalSection
EndGlobal
